
Microsoft Visual Studio Solution File, Format Version 12.00
# Visual Studio Version 17
VisualStudioVersion = 17.5.33530.505
MinimumVisualStudioVersion = 10.0.40219.1
Project("{2150E333-8FDC-42A3-9474-1A3956D46DE8}") = "Solution Items", "Solution Items", "{7DE27412-FC8C-4D94-BC33-60EC6A4370A3}"
	ProjectSection(SolutionItems) = preProject
		README.md = README.md
	EndProjectSection
EndProject
Project("{9A19103F-16F7-4668-BE54-9A1E7A4F7556}") = "net-log-console", "net-log-console\net-log-console.csproj", "{B3CB4721-4513-4536-9E44-7C3BF5C567CA}"
EndProject
Project("{9A19103F-16F7-4668-BE54-9A1E7A4F7556}") = "net-log-webapp-netcoremvc", "net-log-webapp-netcoremvc\net-log-webapp-netcoremvc.csproj", "{FF0DCF30-33E0-455C-8A48-1CC9FC8EF83D}"
EndProject
Global
	GlobalSection(SolutionConfigurationPlatforms) = preSolution
		Debug|Any CPU = Debug|Any CPU
		Release|Any CPU = Release|Any CPU
	EndGlobalSection
	GlobalSection(ProjectConfigurationPlatforms) = postSolution
		{B3CB4721-4513-4536-9E44-7C3BF5C567CA}.Debug|Any CPU.ActiveCfg = Debug|Any CPU
		{B3CB4721-4513-4536-9E44-7C3BF5C567CA}.Debug|Any CPU.Build.0 = Debug|Any CPU
		{B3CB4721-4513-4536-9E44-7C3BF5C567CA}.Release|Any CPU.ActiveCfg = Release|Any CPU
		{B3CB4721-4513-4536-9E44-7C3BF5C567CA}.Release|Any CPU.Build.0 = Release|Any CPU
		{FF0DCF30-33E0-455C-8A48-1CC9FC8EF83D}.Debug|Any CPU.ActiveCfg = Debug|Any CPU
		{FF0DCF30-33E0-455C-8A48-1CC9FC8EF83D}.Debug|Any CPU.Build.0 = Debug|Any CPU
		{FF0DCF30-33E0-455C-8A48-1CC9FC8EF83D}.Release|Any CPU.ActiveCfg = Release|Any CPU
		{FF0DCF30-33E0-455C-8A48-1CC9FC8EF83D}.Release|Any CPU.Build.0 = Release|Any CPU
	EndGlobalSection
	GlobalSection(SolutionProperties) = preSolution
		HideSolutionNode = FALSE
	EndGlobalSection
	GlobalSection(ExtensibilityGlobals) = postSolution
		SolutionGuid = {FD068D5E-9882-4A86-B912-AD1DB414DA92}
	EndGlobalSection
EndGlobal
